
Microsoft Visual Studio Solution File, Format Version 12.00
# Visual Studio 15
VisualStudioVersion = 15.0.28010.2050
MinimumVisualStudioVersion = 10.0.40219.1
Project("{FAE04EC0-301F-11D3-BF4B-00C04F79EFBC}") = "MyProj", "MyProj\MyProj.csproj", "{3E640290-960D-401B-8683-BCFAF2307672}"
EndProject
Project("{FAE04EC0-301F-11D3-BF4B-00C04F79EFBC}") = "MyUnitTest", "MyUnitTest\MyUnitTest.csproj", "{1CCBE328-F71E-410E-B736-C43F9A9B5F40}"
EndProject
Project("{FAE04EC0-301F-11D3-BF4B-00C04F79EFBC}") = "ClassLibrary", "ClassLibrary\ClassLibrary.csproj", "{83E9AA8F-1C01-43A8-B6BE-8B3BB25A2100}"
EndProject
Project("{FAE04EC0-301F-11D3-BF4B-00C04F79EFBC}") = "UnitTestProject1", "UnitTestProject1\UnitTestProject1.csproj", "{569CDF9C-8F11-440C-9786-8C6AE5BF25D1}"
EndProject
Global
	GlobalSection(SolutionConfigurationPlatforms) = preSolution
		Debug|Any CPU = Debug|Any CPU
		Release|Any CPU = Release|Any CPU
	EndGlobalSection
	GlobalSection(ProjectConfigurationPlatforms) = postSolution
		{3E640290-960D-401B-8683-BCFAF2307672}.Debug|Any CPU.ActiveCfg = Debug|Any CPU
		{3E640290-960D-401B-8683-BCFAF2307672}.Debug|Any CPU.Build.0 = Debug|Any CPU
		{3E640290-960D-401B-8683-BCFAF2307672}.Release|Any CPU.ActiveCfg = Release|Any CPU
		{3E640290-960D-401B-8683-BCFAF2307672}.Release|Any CPU.Build.0 = Release|Any CPU
		{1CCBE328-F71E-410E-B736-C43F9A9B5F40}.Debug|Any CPU.ActiveCfg = Debug|Any CPU
		{1CCBE328-F71E-410E-B736-C43F9A9B5F40}.Debug|Any CPU.Build.0 = Debug|Any CPU
		{1CCBE328-F71E-410E-B736-C43F9A9B5F40}.Release|Any CPU.ActiveCfg = Release|Any CPU
		{1CCBE328-F71E-410E-B736-C43F9A9B5F40}.Release|Any CPU.Build.0 = Release|Any CPU
		{83E9AA8F-1C01-43A8-B6BE-8B3BB25A2100}.Debug|Any CPU.ActiveCfg = Debug|Any CPU
		{83E9AA8F-1C01-43A8-B6BE-8B3BB25A2100}.Debug|Any CPU.Build.0 = Debug|Any CPU
		{83E9AA8F-1C01-43A8-B6BE-8B3BB25A2100}.Release|Any CPU.ActiveCfg = Release|Any CPU
		{83E9AA8F-1C01-43A8-B6BE-8B3BB25A2100}.Release|Any CPU.Build.0 = Release|Any CPU
		{569CDF9C-8F11-440C-9786-8C6AE5BF25D1}.Debug|Any CPU.ActiveCfg = Debug|Any CPU
		{569CDF9C-8F11-440C-9786-8C6AE5BF25D1}.Debug|Any CPU.Build.0 = Debug|Any CPU
		{569CDF9C-8F11-440C-9786-8C6AE5BF25D1}.Release|Any CPU.ActiveCfg = Release|Any CPU
		{569CDF9C-8F11-440C-9786-8C6AE5BF25D1}.Release|Any CPU.Build.0 = Release|Any CPU
	EndGlobalSection
	GlobalSection(SolutionProperties) = preSolution
		HideSolutionNode = FALSE
	EndGlobalSection
	GlobalSection(ExtensibilityGlobals) = postSolution
		SolutionGuid = {95BCE6D6-9543-4A56-B3D7-8ED7E844D292}
	EndGlobalSection
EndGlobal
